{
  "name": "zonex",
  "version": "1.0.0",
  "lockfileVersion": 3,
  "requires": true,
  "packages": {
    "": {
      "name": "zonex",
      "version": "1.0.0",
      "license": "ISC",
      "dependencies": {
        "ag-grid-community": "^31.2.0",
        "ag-grid-enterprise": "^31.2.0"
      }
    },
    "node_modules/ag-charts-community": {
      "version": "9.2.0",
      "resolved": "https://registry.npmjs.org/ag-charts-community/-/ag-charts-community-9.2.0.tgz",
      "integrity": "sha512-dS5nPExh81owIIdyHli0TvWvSyhmZy2RncM/s3/KXpjAf3eiVN2fxfT2z+QxqsLyoms+fernp5cAuSju0peYXw=="
    },
    "node_modules/ag-grid-community": {
      "version": "31.2.0",
      "resolved": "https://registry.npmjs.org/ag-grid-community/-/ag-grid-community-31.2.0.tgz",
      "integrity": "sha512-Ija6X171Iq3mFZASZlriQIIdEFqA71rZIsjQD6KHy5lMmxnoseZTX2neThBav1gvr6SA6n5B2PD6eUHdZnrUfw=="
    },
    "node_modules/ag-grid-enterprise": {
      "version": "31.2.0",
      "resolved": "https://registry.npmjs.org/ag-grid-enterprise/-/ag-grid-enterprise-31.2.0.tgz",
      "integrity": "sha512-qCAtLA3naAMCzhvJkUvRVAc+Lscy5qNGxLNCBAcLSd47YejtpHPEsRZK/WcrJma9k2YImn7372IXixRPOZBL2w==",
      "dependencies": {
        "ag-charts-community": "9.2.0",
        "ag-grid-community": "31.2.0"
      }
    }
  }
}
